
Microsoft Visual Studio Solution File, Format Version 12.00
# Visual Studio 15
VisualStudioVersion = 15.0.27004.2002
MinimumVisualStudioVersion = 10.0.40219.1
Project("{FAE04EC0-301F-11D3-BF4B-00C04F79EFBC}") = "EAHTManagement", "EAHTManagement\EAHTManagement.csproj", "{EC239F38-3506-4ECD-BC78-3741419F1092}"
EndProject
Global
	GlobalSection(SolutionConfigurationPlatforms) = preSolution
		Debug|Any CPU = Debug|Any CPU
		Release|Any CPU = Release|Any CPU
	EndGlobalSection
	GlobalSection(ProjectConfigurationPlatforms) = postSolution
		{EC239F38-3506-4ECD-BC78-3741419F1092}.Debug|Any CPU.ActiveCfg = Debug|Any CPU
		{EC239F38-3506-4ECD-BC78-3741419F1092}.Debug|Any CPU.Build.0 = Debug|Any CPU
		{EC239F38-3506-4ECD-BC78-3741419F1092}.Release|Any CPU.ActiveCfg = Release|Any CPU
		{EC239F38-3506-4ECD-BC78-3741419F1092}.Release|Any CPU.Build.0 = Release|Any CPU
	EndGlobalSection
	GlobalSection(SolutionProperties) = preSolution
		HideSolutionNode = FALSE
	EndGlobalSection
	GlobalSection(ExtensibilityGlobals) = postSolution
		SolutionGuid = {095F9089-84A5-4AE1-B476-3793366ED905}
	EndGlobalSection
EndGlobal
